// !$*UTF8*$!
{
	archiveVersion = 1;
	classes = {
	};
	objectVersion = 56;
	objects = {

/* Begin PBXBuildFile section */
		6DD2E9692B471709006DE3CE /* WeatherCleanArquitectureApp.swift in Sources */ = {isa = PBXBuildFile; fileRef = 6DD2E9682B471709006DE3CE /* WeatherCleanArquitectureApp.swift */; };
		6DD2E96B2B471709006DE3CE /* ContentView.swift in Sources */ = {isa = PBXBuildFile; fileRef = 6DD2E96A2B471709006DE3CE /* ContentView.swift */; };
		6DD2E96D2B47170A006DE3CE /* Assets.xcassets in Resources */ = {isa = PBXBuildFile; fileRef = 6DD2E96C2B47170A006DE3CE /* Assets.xcassets */; };
		6DD2E9702B47170A006DE3CE /* Preview Assets.xcassets in Resources */ = {isa = PBXBuildFile; fileRef = 6DD2E96F2B47170A006DE3CE /* Preview Assets.xcassets */; };
		6DD2E9892B471880006DE3CE /* WeatherResponse.swift in Sources */ = {isa = PBXBuildFile; fileRef = 6DD2E9882B471880006DE3CE /* WeatherResponse.swift */; };
		6DD2E98B2B4718B9006DE3CE /* GetWeather.swift in Sources */ = {isa = PBXBuildFile; fileRef = 6DD2E98A2B4718B9006DE3CE /* GetWeather.swift */; };
		6DD2E98D2B47195A006DE3CE /* GetWeatherType.swift in Sources */ = {isa = PBXBuildFile; fileRef = 6DD2E98C2B47195A006DE3CE /* GetWeatherType.swift */; };
		6DD2E98F2B47197C006DE3CE /* WeatherDomainError.swift in Sources */ = {isa = PBXBuildFile; fileRef = 6DD2E98E2B47197C006DE3CE /* WeatherDomainError.swift */; };
		6DD2E9912B4719C3006DE3CE /* WeatherRepositoryType.swift in Sources */ = {isa = PBXBuildFile; fileRef = 6DD2E9902B4719C3006DE3CE /* WeatherRepositoryType.swift */; };
		6DD2E9932B471A1D006DE3CE /* WeatherRepository.swift in Sources */ = {isa = PBXBuildFile; fileRef = 6DD2E9922B471A1D006DE3CE /* WeatherRepository.swift */; };
		6DD2E9952B471A73006DE3CE /* WeatherDomainErrorMapper.swift in Sources */ = {isa = PBXBuildFile; fileRef = 6DD2E9942B471A73006DE3CE /* WeatherDomainErrorMapper.swift */; };
		6DD2E9972B471AA8006DE3CE /* APIWeatherDataSourceType.swift in Sources */ = {isa = PBXBuildFile; fileRef = 6DD2E9962B471AA8006DE3CE /* APIWeatherDataSourceType.swift */; };
		6DD2E9992B471AD7006DE3CE /* HTTPClientError.swift in Sources */ = {isa = PBXBuildFile; fileRef = 6DD2E9982B471AD7006DE3CE /* HTTPClientError.swift */; };
		6DD2E99B2B471AE3006DE3CE /* Endpoint.swift in Sources */ = {isa = PBXBuildFile; fileRef = 6DD2E99A2B471AE3006DE3CE /* Endpoint.swift */; };
		6DD2E99D2B471AF0006DE3CE /* HTTPMethod.swift in Sources */ = {isa = PBXBuildFile; fileRef = 6DD2E99C2B471AF0006DE3CE /* HTTPMethod.swift */; };
		6DD2E99F2B471AFF006DE3CE /* HTTPClient.swift in Sources */ = {isa = PBXBuildFile; fileRef = 6DD2E99E2B471AFF006DE3CE /* HTTPClient.swift */; };
		6DD2E9A12B471B0C006DE3CE /* WeatherResponseDTO.swift in Sources */ = {isa = PBXBuildFile; fileRef = 6DD2E9A02B471B0C006DE3CE /* WeatherResponseDTO.swift */; };
		6DD2E9A32B471C40006DE3CE /* Foundation+Extensions.swift in Sources */ = {isa = PBXBuildFile; fileRef = 6DD2E9A22B471C40006DE3CE /* Foundation+Extensions.swift */; };
		6DD2E9A52B471CE3006DE3CE /* WeatherDomainMapper.swift in Sources */ = {isa = PBXBuildFile; fileRef = 6DD2E9A42B471CE3006DE3CE /* WeatherDomainMapper.swift */; };
		6DD2E9A72B471F2F006DE3CE /* URLSessionHTTPCLient.swift in Sources */ = {isa = PBXBuildFile; fileRef = 6DD2E9A62B471F2F006DE3CE /* URLSessionHTTPCLient.swift */; };
		6DD2E9A92B471F40006DE3CE /* URLSessionErrorResolver.swift in Sources */ = {isa = PBXBuildFile; fileRef = 6DD2E9A82B471F40006DE3CE /* URLSessionErrorResolver.swift */; };
		6DD2E9AB2B471F54006DE3CE /* URLSessionRequestMaker.swift in Sources */ = {isa = PBXBuildFile; fileRef = 6DD2E9AA2B471F54006DE3CE /* URLSessionRequestMaker.swift */; };
		6DD2E9AD2B471FA1006DE3CE /* APIWeatherDataSource.swift in Sources */ = {isa = PBXBuildFile; fileRef = 6DD2E9AC2B471FA1006DE3CE /* APIWeatherDataSource.swift */; };
		6DD2E9AF2B47208B006DE3CE /* WeatherViewModel.swift in Sources */ = {isa = PBXBuildFile; fileRef = 6DD2E9AE2B47208A006DE3CE /* WeatherViewModel.swift */; };
		6DD2E9B12B4720E0006DE3CE /* WeatherPresentableErrorMapper.swift in Sources */ = {isa = PBXBuildFile; fileRef = 6DD2E9B02B4720E0006DE3CE /* WeatherPresentableErrorMapper.swift */; };
		6DD2E9B32B4721BF006DE3CE /* WeatherView.swift in Sources */ = {isa = PBXBuildFile; fileRef = 6DD2E9B22B4721BF006DE3CE /* WeatherView.swift */; };
		6DD2E9B52B47226F006DE3CE /* WeatherFactory.swift in Sources */ = {isa = PBXBuildFile; fileRef = 6DD2E9B42B47226F006DE3CE /* WeatherFactory.swift */; };
/* End PBXBuildFile section */

/* Begin PBXFileReference section */
		6DD2E9652B471709006DE3CE /* WeatherCleanArquitecture.app */ = {isa = PBXFileReference; explicitFileType = wrapper.application; includeInIndex = 0; path = WeatherCleanArquitecture.app; sourceTree = BUILT_PRODUCTS_DIR; };
		6DD2E9682B471709006DE3CE /* WeatherCleanArquitectureApp.swift */ = {isa = PBXFileReference; lastKnownFileType = sourcecode.swift; path = WeatherCleanArquitectureApp.swift; sourceTree = "<group>"; };
		6DD2E96A2B471709006DE3CE /* ContentView.swift */ = {isa = PBXFileReference; lastKnownFileType = sourcecode.swift; path = ContentView.swift; sourceTree = "<group>"; };
		6DD2E96C2B47170A006DE3CE /* Assets.xcassets */ = {isa = PBXFileReference; lastKnownFileType = folder.assetcatalog; path = Assets.xcassets; sourceTree = "<group>"; };
		6DD2E96F2B47170A006DE3CE /* Preview Assets.xcassets */ = {isa = PBXFileReference; lastKnownFileType = folder.assetcatalog; path = "Preview Assets.xcassets"; sourceTree = "<group>"; };
		6DD2E9882B471880006DE3CE /* WeatherResponse.swift */ = {isa = PBXFileReference; lastKnownFileType = sourcecode.swift; path = WeatherResponse.swift; sourceTree = "<group>"; };
		6DD2E98A2B4718B9006DE3CE /* GetWeather.swift */ = {isa = PBXFileReference; lastKnownFileType = sourcecode.swift; path = GetWeather.swift; sourceTree = "<group>"; };
		6DD2E98C2B47195A006DE3CE /* GetWeatherType.swift */ = {isa = PBXFileReference; lastKnownFileType = sourcecode.swift; path = GetWeatherType.swift; sourceTree = "<group>"; };
		6DD2E98E2B47197C006DE3CE /* WeatherDomainError.swift */ = {isa = PBXFileReference; lastKnownFileType = sourcecode.swift; path = WeatherDomainError.swift; sourceTree = "<group>"; };
		6DD2E9902B4719C3006DE3CE /* WeatherRepositoryType.swift */ = {isa = PBXFileReference; lastKnownFileType = sourcecode.swift; path = WeatherRepositoryType.swift; sourceTree = "<group>"; };
		6DD2E9922B471A1D006DE3CE /* WeatherRepository.swift */ = {isa = PBXFileReference; lastKnownFileType = sourcecode.swift; path = WeatherRepository.swift; sourceTree = "<group>"; };
		6DD2E9942B471A73006DE3CE /* WeatherDomainErrorMapper.swift */ = {isa = PBXFileReference; lastKnownFileType = sourcecode.swift; path = WeatherDomainErrorMapper.swift; sourceTree = "<group>"; };
		6DD2E9962B471AA8006DE3CE /* APIWeatherDataSourceType.swift */ = {isa = PBXFileReference; lastKnownFileType = sourcecode.swift; path = APIWeatherDataSourceType.swift; sourceTree = "<group>"; };
		6DD2E9982B471AD7006DE3CE /* HTTPClientError.swift */ = {isa = PBXFileReference; lastKnownFileType = sourcecode.swift; path = HTTPClientError.swift; sourceTree = "<group>"; };
		6DD2E99A2B471AE3006DE3CE /* Endpoint.swift */ = {isa = PBXFileReference; lastKnownFileType = sourcecode.swift; path = Endpoint.swift; sourceTree = "<group>"; };
		6DD2E99C2B471AF0006DE3CE /* HTTPMethod.swift */ = {isa = PBXFileReference; lastKnownFileType = sourcecode.swift; path = HTTPMethod.swift; sourceTree = "<group>"; };
		6DD2E99E2B471AFF006DE3CE /* HTTPClient.swift */ = {isa = PBXFileReference; lastKnownFileType = sourcecode.swift; path = HTTPClient.swift; sourceTree = "<group>"; };
		6DD2E9A02B471B0C006DE3CE /* WeatherResponseDTO.swift */ = {isa = PBXFileReference; lastKnownFileType = sourcecode.swift; path = WeatherResponseDTO.swift; sourceTree = "<group>"; };
		6DD2E9A22B471C40006DE3CE /* Foundation+Extensions.swift */ = {isa = PBXFileReference; lastKnownFileType = sourcecode.swift; path = "Foundation+Extensions.swift"; sourceTree = "<group>"; };
		6DD2E9A42B471CE3006DE3CE /* WeatherDomainMapper.swift */ = {isa = PBXFileReference; lastKnownFileType = sourcecode.swift; path = WeatherDomainMapper.swift; sourceTree = "<group>"; };
		6DD2E9A62B471F2F006DE3CE /* URLSessionHTTPCLient.swift */ = {isa = PBXFileReference; lastKnownFileType = sourcecode.swift; path = URLSessionHTTPCLient.swift; sourceTree = "<group>"; };
		6DD2E9A82B471F40006DE3CE /* URLSessionErrorResolver.swift */ = {isa = PBXFileReference; lastKnownFileType = sourcecode.swift; path = URLSessionErrorResolver.swift; sourceTree = "<group>"; };
		6DD2E9AA2B471F54006DE3CE /* URLSessionRequestMaker.swift */ = {isa = PBXFileReference; lastKnownFileType = sourcecode.swift; path = URLSessionRequestMaker.swift; sourceTree = "<group>"; };
		6DD2E9AC2B471FA1006DE3CE /* APIWeatherDataSource.swift */ = {isa = PBXFileReference; lastKnownFileType = sourcecode.swift; path = APIWeatherDataSource.swift; sourceTree = "<group>"; };
		6DD2E9AE2B47208A006DE3CE /* WeatherViewModel.swift */ = {isa = PBXFileReference; lastKnownFileType = sourcecode.swift; path = WeatherViewModel.swift; sourceTree = "<group>"; };
		6DD2E9B02B4720E0006DE3CE /* WeatherPresentableErrorMapper.swift */ = {isa = PBXFileReference; lastKnownFileType = sourcecode.swift; path = WeatherPresentableErrorMapper.swift; sourceTree = "<group>"; };
		6DD2E9B22B4721BF006DE3CE /* WeatherView.swift */ = {isa = PBXFileReference; lastKnownFileType = sourcecode.swift; path = WeatherView.swift; sourceTree = "<group>"; };
		6DD2E9B42B47226F006DE3CE /* WeatherFactory.swift */ = {isa = PBXFileReference; lastKnownFileType = sourcecode.swift; path = WeatherFactory.swift; sourceTree = "<group>"; };
		6DD2E9B62B47250F006DE3CE /* Info.plist */ = {isa = PBXFileReference; lastKnownFileType = text.plist; path = Info.plist; sourceTree = "<group>"; };
/* End PBXFileReference section */

/* Begin PBXFrameworksBuildPhase section */
		6DD2E9622B471709006DE3CE /* Frameworks */ = {
			isa = PBXFrameworksBuildPhase;
			buildActionMask = 2147483647;
			files = (
			);
			runOnlyForDeploymentPostprocessing = 0;
		};
/* End PBXFrameworksBuildPhase section */

/* Begin PBXGroup section */
		6DD2E95C2B471709006DE3CE = {
			isa = PBXGroup;
			children = (
				6DD2E9672B471709006DE3CE /* WeatherCleanArquitecture */,
				6DD2E9662B471709006DE3CE /* Products */,
			);
			sourceTree = "<group>";
		};
		6DD2E9662B471709006DE3CE /* Products */ = {
			isa = PBXGroup;
			children = (
				6DD2E9652B471709006DE3CE /* WeatherCleanArquitecture.app */,
			);
			name = Products;
			sourceTree = "<group>";
		};
		6DD2E9672B471709006DE3CE /* WeatherCleanArquitecture */ = {
			isa = PBXGroup;
			children = (
				6DD2E9B62B47250F006DE3CE /* Info.plist */,
				6DD2E9682B471709006DE3CE /* WeatherCleanArquitectureApp.swift */,
				6DD2E96A2B471709006DE3CE /* ContentView.swift */,
				6DD2E9762B47172B006DE3CE /* Utils */,
				6DD2E9782B471743006DE3CE /* Composition Root */,
				6DD2E9792B471751006DE3CE /* UI */,
				6DD2E9872B4717FF006DE3CE /* Presentation */,
				6DD2E97A2B471758006DE3CE /* Infraestructure */,
				6DD2E97B2B471765006DE3CE /* Data */,
				6DD2E97C2B47176D006DE3CE /* Domain */,
				6DD2E96C2B47170A006DE3CE /* Assets.xcassets */,
				6DD2E96E2B47170A006DE3CE /* Preview Content */,
			);
			path = WeatherCleanArquitecture;
			sourceTree = "<group>";
		};
		6DD2E96E2B47170A006DE3CE /* Preview Content */ = {
			isa = PBXGroup;
			children = (
				6DD2E96F2B47170A006DE3CE /* Preview Assets.xcassets */,
			);
			path = "Preview Content";
			sourceTree = "<group>";
		};
		6DD2E9762B47172B006DE3CE /* Utils */ = {
			isa = PBXGroup;
			children = (
				6DD2E9A22B471C40006DE3CE /* Foundation+Extensions.swift */,
			);
			path = Utils;
			sourceTree = "<group>";
		};
		6DD2E9782B471743006DE3CE /* Composition Root */ = {
			isa = PBXGroup;
			children = (
				6DD2E9B42B47226F006DE3CE /* WeatherFactory.swift */,
			);
			path = "Composition Root";
			sourceTree = "<group>";
		};
		6DD2E9792B471751006DE3CE /* UI */ = {
			isa = PBXGroup;
			children = (
				6DD2E9B22B4721BF006DE3CE /* WeatherView.swift */,
			);
			path = UI;
			sourceTree = "<group>";
		};
		6DD2E97A2B471758006DE3CE /* Infraestructure */ = {
			isa = PBXGroup;
			children = (
				6DD2E9852B4717E1006DE3CE /* Data */,
				6DD2E9862B4717F6006DE3CE /* Networking */,
			);
			path = Infraestructure;
			sourceTree = "<group>";
		};
		6DD2E97B2B471765006DE3CE /* Data */ = {
			isa = PBXGroup;
			children = (
				6DD2E9812B4717BA006DE3CE /* Mapper */,
				6DD2E9832B4717CC006DE3CE /* DTOs */,
				6DD2E9822B4717C1006DE3CE /* Networking */,
				6DD2E9842B4717D2006DE3CE /* Repositories */,
			);
			path = Data;
			sourceTree = "<group>";
		};
		6DD2E97C2B47176D006DE3CE /* Domain */ = {
			isa = PBXGroup;
			children = (
				6DD2E97D2B47177E006DE3CE /* Error */,
				6DD2E97E2B471783006DE3CE /* Interfaces */,
				6DD2E97F2B471793006DE3CE /* Use Cases */,
				6DD2E9802B4717A5006DE3CE /* Entities */,
			);
			path = Domain;
			sourceTree = "<group>";
		};
		6DD2E97D2B47177E006DE3CE /* Error */ = {
			isa = PBXGroup;
			children = (
				6DD2E98E2B47197C006DE3CE /* WeatherDomainError.swift */,
			);
			path = Error;
			sourceTree = "<group>";
		};
		6DD2E97E2B471783006DE3CE /* Interfaces */ = {
			isa = PBXGroup;
			children = (
				6DD2E98C2B47195A006DE3CE /* GetWeatherType.swift */,
				6DD2E9902B4719C3006DE3CE /* WeatherRepositoryType.swift */,
			);
			path = Interfaces;
			sourceTree = "<group>";
		};
		6DD2E97F2B471793006DE3CE /* Use Cases */ = {
			isa = PBXGroup;
			children = (
				6DD2E98A2B4718B9006DE3CE /* GetWeather.swift */,
			);
			path = "Use Cases";
			sourceTree = "<group>";
		};
		6DD2E9802B4717A5006DE3CE /* Entities */ = {
			isa = PBXGroup;
			children = (
				6DD2E9882B471880006DE3CE /* WeatherResponse.swift */,
			);
			path = Entities;
			sourceTree = "<group>";
		};
		6DD2E9812B4717BA006DE3CE /* Mapper */ = {
			isa = PBXGroup;
			children = (
				6DD2E9942B471A73006DE3CE /* WeatherDomainErrorMapper.swift */,
				6DD2E9A42B471CE3006DE3CE /* WeatherDomainMapper.swift */,
			);
			path = Mapper;
			sourceTree = "<group>";
		};
		6DD2E9822B4717C1006DE3CE /* Networking */ = {
			isa = PBXGroup;
			children = (
				6DD2E9962B471AA8006DE3CE /* APIWeatherDataSourceType.swift */,
				6DD2E9982B471AD7006DE3CE /* HTTPClientError.swift */,
				6DD2E99A2B471AE3006DE3CE /* Endpoint.swift */,
				6DD2E99C2B471AF0006DE3CE /* HTTPMethod.swift */,
				6DD2E99E2B471AFF006DE3CE /* HTTPClient.swift */,
				6DD2E9AC2B471FA1006DE3CE /* APIWeatherDataSource.swift */,
			);
			path = Networking;
			sourceTree = "<group>";
		};
		6DD2E9832B4717CC006DE3CE /* DTOs */ = {
			isa = PBXGroup;
			children = (
				6DD2E9A02B471B0C006DE3CE /* WeatherResponseDTO.swift */,
			);
			path = DTOs;
			sourceTree = "<group>";
		};
		6DD2E9842B4717D2006DE3CE /* Repositories */ = {
			isa = PBXGroup;
			children = (
				6DD2E9922B471A1D006DE3CE /* WeatherRepository.swift */,
			);
			path = Repositories;
			sourceTree = "<group>";
		};
		6DD2E9852B4717E1006DE3CE /* Data */ = {
			isa = PBXGroup;
			children = (
			);
			path = Data;
			sourceTree = "<group>";
		};
		6DD2E9862B4717F6006DE3CE /* Networking */ = {
			isa = PBXGroup;
			children = (
				6DD2E9A62B471F2F006DE3CE /* URLSessionHTTPCLient.swift */,
				6DD2E9A82B471F40006DE3CE /* URLSessionErrorResolver.swift */,
				6DD2E9AA2B471F54006DE3CE /* URLSessionRequestMaker.swift */,
			);
			path = Networking;
			sourceTree = "<group>";
		};
		6DD2E9872B4717FF006DE3CE /* Presentation */ = {
			isa = PBXGroup;
			children = (
				6DD2E9AE2B47208A006DE3CE /* WeatherViewModel.swift */,
				6DD2E9B02B4720E0006DE3CE /* WeatherPresentableErrorMapper.swift */,
			);
			path = Presentation;
			sourceTree = "<group>";
		};
/* End PBXGroup section */

/* Begin PBXNativeTarget section */
		6DD2E9642B471709006DE3CE /* WeatherCleanArquitecture */ = {
			isa = PBXNativeTarget;
			buildConfigurationList = 6DD2E9732B47170A006DE3CE /* Build configuration list for PBXNativeTarget "WeatherCleanArquitecture" */;
			buildPhases = (
				6DD2E9612B471709006DE3CE /* Sources */,
				6DD2E9622B471709006DE3CE /* Frameworks */,
				6DD2E9632B471709006DE3CE /* Resources */,
			);
			buildRules = (
			);
			dependencies = (
			);
			name = WeatherCleanArquitecture;
			productName = WeatherCleanArquitecture;
			productReference = 6DD2E9652B471709006DE3CE /* WeatherCleanArquitecture.app */;
			productType = "com.apple.product-type.application";
		};
/* End PBXNativeTarget section */

/* Begin PBXProject section */
		6DD2E95D2B471709006DE3CE /* Project object */ = {
			isa = PBXProject;
			attributes = {
				BuildIndependentTargetsInParallel = 1;
				LastSwiftUpdateCheck = 1510;
				LastUpgradeCheck = 1510;
				TargetAttributes = {
					6DD2E9642B471709006DE3CE = {
						CreatedOnToolsVersion = 15.1;
					};
				};
			};
			buildConfigurationList = 6DD2E9602B471709006DE3CE /* Build configuration list for PBXProject "WeatherCleanArquitecture" */;
			compatibilityVersion = "Xcode 14.0";
			developmentRegion = en;
			hasScannedForEncodings = 0;
			knownRegions = (
				en,
				Base,
			);
			mainGroup = 6DD2E95C2B471709006DE3CE;
			productRefGroup = 6DD2E9662B471709006DE3CE /* Products */;
			projectDirPath = "";
			projectRoot = "";
			targets = (
				6DD2E9642B471709006DE3CE /* WeatherCleanArquitecture */,
			);
		};
/* End PBXProject section */

/* Begin PBXResourcesBuildPhase section */
		6DD2E9632B471709006DE3CE /* Resources */ = {
			isa = PBXResourcesBuildPhase;
			buildActionMask = 2147483647;
			files = (
				6DD2E9702B47170A006DE3CE /* Preview Assets.xcassets in Resources */,
				6DD2E96D2B47170A006DE3CE /* Assets.xcassets in Resources */,
			);
			runOnlyForDeploymentPostprocessing = 0;
		};
/* End PBXResourcesBuildPhase section */

/* Begin PBXSourcesBuildPhase section */
		6DD2E9612B471709006DE3CE /* Sources */ = {
			isa = PBXSourcesBuildPhase;
			buildActionMask = 2147483647;
			files = (
				6DD2E9A92B471F40006DE3CE /* URLSessionErrorResolver.swift in Sources */,
				6DD2E9972B471AA8006DE3CE /* APIWeatherDataSourceType.swift in Sources */,
				6DD2E9B12B4720E0006DE3CE /* WeatherPresentableErrorMapper.swift in Sources */,
				6DD2E9A72B471F2F006DE3CE /* URLSessionHTTPCLient.swift in Sources */,
				6DD2E9AF2B47208B006DE3CE /* WeatherViewModel.swift in Sources */,
				6DD2E9992B471AD7006DE3CE /* HTTPClientError.swift in Sources */,
				6DD2E9912B4719C3006DE3CE /* WeatherRepositoryType.swift in Sources */,
				6DD2E96B2B471709006DE3CE /* ContentView.swift in Sources */,
				6DD2E9932B471A1D006DE3CE /* WeatherRepository.swift in Sources */,
				6DD2E9952B471A73006DE3CE /* WeatherDomainErrorMapper.swift in Sources */,
				6DD2E98F2B47197C006DE3CE /* WeatherDomainError.swift in Sources */,
				6DD2E9892B471880006DE3CE /* WeatherResponse.swift in Sources */,
				6DD2E9A32B471C40006DE3CE /* Foundation+Extensions.swift in Sources */,
				6DD2E9AB2B471F54006DE3CE /* URLSessionRequestMaker.swift in Sources */,
				6DD2E9692B471709006DE3CE /* WeatherCleanArquitectureApp.swift in Sources */,
				6DD2E9B32B4721BF006DE3CE /* WeatherView.swift in Sources */,
				6DD2E98D2B47195A006DE3CE /* GetWeatherType.swift in Sources */,
				6DD2E99F2B471AFF006DE3CE /* HTTPClient.swift in Sources */,
				6DD2E99D2B471AF0006DE3CE /* HTTPMethod.swift in Sources */,
				6DD2E9A12B471B0C006DE3CE /* WeatherResponseDTO.swift in Sources */,
				6DD2E99B2B471AE3006DE3CE /* Endpoint.swift in Sources */,
				6DD2E9A52B471CE3006DE3CE /* WeatherDomainMapper.swift in Sources */,
				6DD2E9AD2B471FA1006DE3CE /* APIWeatherDataSource.swift in Sources */,
				6DD2E9B52B47226F006DE3CE /* WeatherFactory.swift in Sources */,
				6DD2E98B2B4718B9006DE3CE /* GetWeather.swift in Sources */,
			);
			runOnlyForDeploymentPostprocessing = 0;
		};
/* End PBXSourcesBuildPhase section */

/* Begin XCBuildConfiguration section */
		6DD2E9712B47170A006DE3CE /* Debug */ = {
			isa = XCBuildConfiguration;
			buildSettings = {
				ALWAYS_SEARCH_USER_PATHS = NO;
				ASSETCATALOG_COMPILER_GENERATE_SWIFT_ASSET_SYMBOL_EXTENSIONS = YES;
				CLANG_ANALYZER_NONNULL = YES;
				CLANG_ANALYZER_NUMBER_OBJECT_CONVERSION = YES_AGGRESSIVE;
				CLANG_CXX_LANGUAGE_STANDARD = "gnu++20";
				CLANG_ENABLE_MODULES = YES;
				CLANG_ENABLE_OBJC_ARC = YES;
				CLANG_ENABLE_OBJC_WEAK = YES;
				CLANG_WARN_BLOCK_CAPTURE_AUTORELEASING = YES;
				CLANG_WARN_BOOL_CONVERSION = YES;
				CLANG_WARN_COMMA = YES;
				CLANG_WARN_CONSTANT_CONVERSION = YES;
				CLANG_WARN_DEPRECATED_OBJC_IMPLEMENTATIONS = YES;
				CLANG_WARN_DIRECT_OBJC_ISA_USAGE = YES_ERROR;
				CLANG_WARN_DOCUMENTATION_COMMENTS = YES;
				CLANG_WARN_EMPTY_BODY = YES;
				CLANG_WARN_ENUM_CONVERSION = YES;
				CLANG_WARN_INFINITE_RECURSION = YES;
				CLANG_WARN_INT_CONVERSION = YES;
				CLANG_WARN_NON_LITERAL_NULL_CONVERSION = YES;
				CLANG_WARN_OBJC_IMPLICIT_RETAIN_SELF = YES;
				CLANG_WARN_OBJC_LITERAL_CONVERSION = YES;
				CLANG_WARN_OBJC_ROOT_CLASS = YES_ERROR;
				CLANG_WARN_QUOTED_INCLUDE_IN_FRAMEWORK_HEADER = YES;
				CLANG_WARN_RANGE_LOOP_ANALYSIS = YES;
				CLANG_WARN_STRICT_PROTOTYPES = YES;
				CLANG_WARN_SUSPICIOUS_MOVE = YES;
				CLANG_WARN_UNGUARDED_AVAILABILITY = YES_AGGRESSIVE;
				CLANG_WARN_UNREACHABLE_CODE = YES;
				CLANG_WARN__DUPLICATE_METHOD_MATCH = YES;
				COPY_PHASE_STRIP = NO;
				DEBUG_INFORMATION_FORMAT = dwarf;
				ENABLE_STRICT_OBJC_MSGSEND = YES;
				ENABLE_TESTABILITY = YES;
				ENABLE_USER_SCRIPT_SANDBOXING = YES;
				GCC_C_LANGUAGE_STANDARD = gnu17;
				GCC_DYNAMIC_NO_PIC = NO;
				GCC_NO_COMMON_BLOCKS = YES;
				GCC_OPTIMIZATION_LEVEL = 0;
				GCC_PREPROCESSOR_DEFINITIONS = (
					"DEBUG=1",
					"$(inherited)",
				);
				GCC_WARN_64_TO_32_BIT_CONVERSION = YES;
				GCC_WARN_ABOUT_RETURN_TYPE = YES_ERROR;
				GCC_WARN_UNDECLARED_SELECTOR = YES;
				GCC_WARN_UNINITIALIZED_AUTOS = YES_AGGRESSIVE;
				GCC_WARN_UNUSED_FUNCTION = YES;
				GCC_WARN_UNUSED_VARIABLE = YES;
				IPHONEOS_DEPLOYMENT_TARGET = 17.2;
				LOCALIZATION_PREFERS_STRING_CATALOGS = YES;
				MTL_ENABLE_DEBUG_INFO = INCLUDE_SOURCE;
				MTL_FAST_MATH = YES;
				ONLY_ACTIVE_ARCH = YES;
				SDKROOT = iphoneos;
				SWIFT_ACTIVE_COMPILATION_CONDITIONS = "DEBUG $(inherited)";
				SWIFT_OPTIMIZATION_LEVEL = "-Onone";
			};
			name = Debug;
		};
		6DD2E9722B47170A006DE3CE /* Release */ = {
			isa = XCBuildConfiguration;
			buildSettings = {
				ALWAYS_SEARCH_USER_PATHS = NO;
				ASSETCATALOG_COMPILER_GENERATE_SWIFT_ASSET_SYMBOL_EXTENSIONS = YES;
				CLANG_ANALYZER_NONNULL = YES;
				CLANG_ANALYZER_NUMBER_OBJECT_CONVERSION = YES_AGGRESSIVE;
				CLANG_CXX_LANGUAGE_STANDARD = "gnu++20";
				CLANG_ENABLE_MODULES = YES;
				CLANG_ENABLE_OBJC_ARC = YES;
				CLANG_ENABLE_OBJC_WEAK = YES;
				CLANG_WARN_BLOCK_CAPTURE_AUTORELEASING = YES;
				CLANG_WARN_BOOL_CONVERSION = YES;
				CLANG_WARN_COMMA = YES;
				CLANG_WARN_CONSTANT_CONVERSION = YES;
				CLANG_WARN_DEPRECATED_OBJC_IMPLEMENTATIONS = YES;
				CLANG_WARN_DIRECT_OBJC_ISA_USAGE = YES_ERROR;
				CLANG_WARN_DOCUMENTATION_COMMENTS = YES;
				CLANG_WARN_EMPTY_BODY = YES;
				CLANG_WARN_ENUM_CONVERSION = YES;
				CLANG_WARN_INFINITE_RECURSION = YES;
				CLANG_WARN_INT_CONVERSION = YES;
				CLANG_WARN_NON_LITERAL_NULL_CONVERSION = YES;
				CLANG_WARN_OBJC_IMPLICIT_RETAIN_SELF = YES;
				CLANG_WARN_OBJC_LITERAL_CONVERSION = YES;
				CLANG_WARN_OBJC_ROOT_CLASS = YES_ERROR;
				CLANG_WARN_QUOTED_INCLUDE_IN_FRAMEWORK_HEADER = YES;
				CLANG_WARN_RANGE_LOOP_ANALYSIS = YES;
				CLANG_WARN_STRICT_PROTOTYPES = YES;
				CLANG_WARN_SUSPICIOUS_MOVE = YES;
				CLANG_WARN_UNGUARDED_AVAILABILITY = YES_AGGRESSIVE;
				CLANG_WARN_UNREACHABLE_CODE = YES;
				CLANG_WARN__DUPLICATE_METHOD_MATCH = YES;
				COPY_PHASE_STRIP = NO;
				DEBUG_INFORMATION_FORMAT = "dwarf-with-dsym";
				ENABLE_NS_ASSERTIONS = NO;
				ENABLE_STRICT_OBJC_MSGSEND = YES;
				ENABLE_USER_SCRIPT_SANDBOXING = YES;
				GCC_C_LANGUAGE_STANDARD = gnu17;
				GCC_NO_COMMON_BLOCKS = YES;
				GCC_WARN_64_TO_32_BIT_CONVERSION = YES;
				GCC_WARN_ABOUT_RETURN_TYPE = YES_ERROR;
				GCC_WARN_UNDECLARED_SELECTOR = YES;
				GCC_WARN_UNINITIALIZED_AUTOS = YES_AGGRESSIVE;
				GCC_WARN_UNUSED_FUNCTION = YES;
				GCC_WARN_UNUSED_VARIABLE = YES;
				IPHONEOS_DEPLOYMENT_TARGET = 17.2;
				LOCALIZATION_PREFERS_STRING_CATALOGS = YES;
				MTL_ENABLE_DEBUG_INFO = NO;
				MTL_FAST_MATH = YES;
				SDKROOT = iphoneos;
				SWIFT_COMPILATION_MODE = wholemodule;
				VALIDATE_PRODUCT = YES;
			};
			name = Release;
		};
		6DD2E9742B47170A006DE3CE /* Debug */ = {
			isa = XCBuildConfiguration;
			buildSettings = {
				ASSETCATALOG_COMPILER_APPICON_NAME = AppIcon;
				ASSETCATALOG_COMPILER_GLOBAL_ACCENT_COLOR_NAME = AccentColor;
				CODE_SIGN_STYLE = Automatic;
				CURRENT_PROJECT_VERSION = 1;
				DEVELOPMENT_ASSET_PATHS = "\"WeatherCleanArquitecture/Preview Content\"";
				DEVELOPMENT_TEAM = BDJY23GUM8;
				ENABLE_PREVIEWS = YES;
				GENERATE_INFOPLIST_FILE = YES;
				INFOPLIST_FILE = WeatherCleanArquitecture/Info.plist;
				INFOPLIST_KEY_UIApplicationSceneManifest_Generation = YES;
				INFOPLIST_KEY_UIApplicationSupportsIndirectInputEvents = YES;
				INFOPLIST_KEY_UILaunchScreen_Generation = YES;
				INFOPLIST_KEY_UISupportedInterfaceOrientations_iPad = "UIInterfaceOrientationPortrait UIInterfaceOrientationPortraitUpsideDown UIInterfaceOrientationLandscapeLeft UIInterfaceOrientationLandscapeRight";
				INFOPLIST_KEY_UISupportedInterfaceOrientations_iPhone = "UIInterfaceOrientationPortrait UIInterfaceOrientationLandscapeLeft UIInterfaceOrientationLandscapeRight";
				LD_RUNPATH_SEARCH_PATHS = (
					"$(inherited)",
					"@executable_path/Frameworks",
				);
				MARKETING_VERSION = 1.0;
				PRODUCT_BUNDLE_IDENTIFIER = com.edguitian.WeatherCleanArquitecture;
				PRODUCT_NAME = "$(TARGET_NAME)";
				SWIFT_EMIT_LOC_STRINGS = YES;
				SWIFT_VERSION = 5.0;
				TARGETED_DEVICE_FAMILY = "1,2";
			};
			name = Debug;
		};
		6DD2E9752B47170A006DE3CE /* Release */ = {
			isa = XCBuildConfiguration;
			buildSettings = {
				ASSETCATALOG_COMPILER_APPICON_NAME = AppIcon;
				ASSETCATALOG_COMPILER_GLOBAL_ACCENT_COLOR_NAME = AccentColor;
				CODE_SIGN_STYLE = Automatic;
				CURRENT_PROJECT_VERSION = 1;
				DEVELOPMENT_ASSET_PATHS = "\"WeatherCleanArquitecture/Preview Content\"";
				DEVELOPMENT_TEAM = BDJY23GUM8;
				ENABLE_PREVIEWS = YES;
				GENERATE_INFOPLIST_FILE = YES;
				INFOPLIST_FILE = WeatherCleanArquitecture/Info.plist;
				INFOPLIST_KEY_UIApplicationSceneManifest_Generation = YES;
				INFOPLIST_KEY_UIApplicationSupportsIndirectInputEvents = YES;
				INFOPLIST_KEY_UILaunchScreen_Generation = YES;
				INFOPLIST_KEY_UISupportedInterfaceOrientations_iPad = "UIInterfaceOrientationPortrait UIInterfaceOrientationPortraitUpsideDown UIInterfaceOrientationLandscapeLeft UIInterfaceOrientationLandscapeRight";
				INFOPLIST_KEY_UISupportedInterfaceOrientations_iPhone = "UIInterfaceOrientationPortrait UIInterfaceOrientationLandscapeLeft UIInterfaceOrientationLandscapeRight";
				LD_RUNPATH_SEARCH_PATHS = (
					"$(inherited)",
					"@executable_path/Frameworks",
				);
				MARKETING_VERSION = 1.0;
				PRODUCT_BUNDLE_IDENTIFIER = com.edguitian.WeatherCleanArquitecture;
				PRODUCT_NAME = "$(TARGET_NAME)";
				SWIFT_EMIT_LOC_STRINGS = YES;
				SWIFT_VERSION = 5.0;
				TARGETED_DEVICE_FAMILY = "1,2";
			};
			name = Release;
		};
/* End XCBuildConfiguration section */

/* Begin XCConfigurationList section */
		6DD2E9602B471709006DE3CE /* Build configuration list for PBXProject "WeatherCleanArquitecture" */ = {
			isa = XCConfigurationList;
			buildConfigurations = (
				6DD2E9712B47170A006DE3CE /* Debug */,
				6DD2E9722B47170A006DE3CE /* Release */,
			);
			defaultConfigurationIsVisible = 0;
			defaultConfigurationName = Release;
		};
		6DD2E9732B47170A006DE3CE /* Build configuration list for PBXNativeTarget "WeatherCleanArquitecture" */ = {
			isa = XCConfigurationList;
			buildConfigurations = (
				6DD2E9742B47170A006DE3CE /* Debug */,
				6DD2E9752B47170A006DE3CE /* Release */,
			);
			defaultConfigurationIsVisible = 0;
			defaultConfigurationName = Release;
		};
/* End XCConfigurationList section */
	};
	rootObject = 6DD2E95D2B471709006DE3CE /* Project object */;
}
